// !$*UTF8*$!
{
	archiveVersion = 1;
	classes = {
	};
	objectVersion = 46;
	objects = {

/* Begin PBXBuildFile section */
		4206715F1DFF8C090075B70F /* AppDelegate.swift in Sources */ = {isa = PBXBuildFile; fileRef = 4206715E1DFF8C090075B70F /* AppDelegate.swift */; };
		420671611DFF8C090075B70F /* ViewController.swift in Sources */ = {isa = PBXBuildFile; fileRef = 420671601DFF8C090075B70F /* ViewController.swift */; };
		420671641DFF8C090075B70F /* Main.storyboard in Resources */ = {isa = PBXBuildFile; fileRef = 420671621DFF8C090075B70F /* Main.storyboard */; };
		420671661DFF8C090075B70F /* Assets.xcassets in Resources */ = {isa = PBXBuildFile; fileRef = 420671651DFF8C090075B70F /* Assets.xcassets */; };
		420671691DFF8C090075B70F /* LaunchScreen.storyboard in Resources */ = {isa = PBXBuildFile; fileRef = 420671671DFF8C090075B70F /* LaunchScreen.storyboard */; };
/* End PBXBuildFile section */

/* Begin PBXFileReference section */
		4206715B1DFF8C090075B70F /* TagListDemo.app */ = {isa = PBXFileReference; explicitFileType = wrapper.application; includeInIndex = 0; path = TagListDemo.app; sourceTree = BUILT_PRODUCTS_DIR; };
		4206715E1DFF8C090075B70F /* AppDelegate.swift */ = {isa = PBXFileReference; lastKnownFileType = sourcecode.swift; path = AppDelegate.swift; sourceTree = "<group>"; };
		420671601DFF8C090075B70F /* ViewController.swift */ = {isa = PBXFileReference; lastKnownFileType = sourcecode.swift; path = ViewController.swift; sourceTree = "<group>"; };
		420671631DFF8C090075B70F /* Base */ = {isa = PBXFileReference; lastKnownFileType = file.storyboard; name = Base; path = Base.lproj/Main.storyboard; sourceTree = "<group>"; };
		420671651DFF8C090075B70F /* Assets.xcassets */ = {isa = PBXFileReference; lastKnownFileType = folder.assetcatalog; path = Assets.xcassets; sourceTree = "<group>"; };
		420671681DFF8C090075B70F /* Base */ = {isa = PBXFileReference; lastKnownFileType = file.storyboard; name = Base; path = Base.lproj/LaunchScreen.storyboard; sourceTree = "<group>"; };
		4206716A1DFF8C090075B70F /* Info.plist */ = {isa = PBXFileReference; lastKnownFileType = text.plist.xml; path = Info.plist; sourceTree = "<group>"; };
/* End PBXFileReference section */

/* Begin PBXFrameworksBuildPhase section */
		420671581DFF8C090075B70F /* Frameworks */ = {
			isa = PBXFrameworksBuildPhase;
			buildActionMask = 2147483647;
			files = (
			);
			runOnlyForDeploymentPostprocessing = 0;
		};
/* End PBXFrameworksBuildPhase section */

/* Begin PBXGroup section */
		420671521DFF8C090075B70F = {
			isa = PBXGroup;
			children = (
				4206715D1DFF8C090075B70F /* TagListDemo */,
				4206715C1DFF8C090075B70F /* Products */,
			);
			sourceTree = "<group>";
		};
		4206715C1DFF8C090075B70F /* Products */ = {
			isa = PBXGroup;
			children = (
				4206715B1DFF8C090075B70F /* TagListDemo.app */,
			);
			name = Products;
			sourceTree = "<group>";
		};
		4206715D1DFF8C090075B70F /* TagListDemo */ = {
			isa = PBXGroup;
			children = (
				420671701DFF909C0075B70F /* TagList */,
				4206715E1DFF8C090075B70F /* AppDelegate.swift */,
				420671601DFF8C090075B70F /* ViewController.swift */,
				420671621DFF8C090075B70F /* Main.storyboard */,
				420671651DFF8C090075B70F /* Assets.xcassets */,
				420671671DFF8C090075B70F /* LaunchScreen.storyboard */,
				4206716A1DFF8C090075B70F /* Info.plist */,
			);
			name = TagListDemo;
			path = TagList;
			sourceTree = "<group>";
		};
		420671701DFF909C0075B70F /* TagList */ = {
			isa = PBXGroup;
			children = (
			);
			name = TagList;
			sourceTree = "<group>";
		};
/* End PBXGroup section */

/* Begin PBXNativeTarget section */
		4206715A1DFF8C090075B70F /* TagListDemo */ = {
			isa = PBXNativeTarget;
			buildConfigurationList = 4206716D1DFF8C090075B70F /* Build configuration list for PBXNativeTarget "TagListDemo" */;
			buildPhases = (
				420671571DFF8C090075B70F /* Sources */,
				420671581DFF8C090075B70F /* Frameworks */,
				420671591DFF8C090075B70F /* Resources */,
			);
			buildRules = (
			);
			dependencies = (
			);
			name = TagListDemo;
			productName = TagList;
			productReference = 4206715B1DFF8C090075B70F /* TagListDemo.app */;
			productType = "com.apple.product-type.application";
		};
/* End PBXNativeTarget section */

/* Begin PBXProject section */
		420671531DFF8C090075B70F /* Project object */ = {
			isa = PBXProject;
			attributes = {
				LastSwiftUpdateCheck = 0810;
				LastUpgradeCheck = 0810;
				ORGANIZATIONNAME = wonderbear;
				TargetAttributes = {
					4206715A1DFF8C090075B70F = {
						CreatedOnToolsVersion = 8.1;
						DevelopmentTeam = M793737CLS;
						ProvisioningStyle = Automatic;
					};
				};
			};
			buildConfigurationList = 420671561DFF8C090075B70F /* Build configuration list for PBXProject "TagList" */;
			compatibilityVersion = "Xcode 3.2";
			developmentRegion = English;
			hasScannedForEncodings = 0;
			knownRegions = (
				en,
				Base,
			);
			mainGroup = 420671521DFF8C090075B70F;
			productRefGroup = 4206715C1DFF8C090075B70F /* Products */;
			projectDirPath = "";
			projectRoot = "";
			targets = (
				4206715A1DFF8C090075B70F /* TagListDemo */,
			);
		};
/* End PBXProject section */

/* Begin PBXResourcesBuildPhase section */
		420671591DFF8C090075B70F /* Resources */ = {
			isa = PBXResourcesBuildPhase;
			buildActionMask = 2147483647;
			files = (
				420671691DFF8C090075B70F /* LaunchScreen.storyboard in Resources */,
				420671661DFF8C090075B70F /* Assets.xcassets in Resources */,
				420671641DFF8C090075B70F /* Main.storyboard in Resources */,
			);
			runOnlyForDeploymentPostprocessing = 0;
		};
/* End PBXResourcesBuildPhase section */

/* Begin PBXSourcesBuildPhase section */
		420671571DFF8C090075B70F /* Sources */ = {
			isa = PBXSourcesBuildPhase;
			buildActionMask = 2147483647;
			files = (
				420671611DFF8C090075B70F /* ViewController.swift in Sources */,
				4206715F1DFF8C090075B70F /* AppDelegate.swift in Sources */,
			);
			runOnlyForDeploymentPostprocessing = 0;
		};
/* End PBXSourcesBuildPhase section */

/* Begin PBXVariantGroup section */
		420671621DFF8C090075B70F /* Main.storyboard */ = {
			isa = PBXVariantGroup;
			children = (
				420671631DFF8C090075B70F /* Base */,
			);
			name = Main.storyboard;
			sourceTree = "<group>";
		};
		420671671DFF8C090075B70F /* LaunchScreen.storyboard */ = {
			isa = PBXVariantGroup;
			children = (
				420671681DFF8C090075B70F /* Base */,
			);
			name = LaunchScreen.storyboard;
			sourceTree = "<group>";
		};
/* End PBXVariantGroup section */

/* Begin XCBuildConfiguration section */
		4206716B1DFF8C090075B70F /* Debug */ = {
			isa = XCBuildConfiguration;
			buildSettings = {
				ALWAYS_SEARCH_USER_PATHS = NO;
				CLANG_ANALYZER_NONNULL = YES;
				CLANG_CXX_LANGUAGE_STANDARD = "gnu++0x";
				CLANG_CXX_LIBRARY = "libc++";
				CLANG_ENABLE_MODULES = YES;
				CLANG_ENABLE_OBJC_ARC = YES;
				CLANG_WARN_BOOL_CONVERSION = YES;
				CLANG_WARN_CONSTANT_CONVERSION = YES;
				CLANG_WARN_DIRECT_OBJC_ISA_USAGE = YES_ERROR;
				CLANG_WARN_DOCUMENTATION_COMMENTS = YES;
				CLANG_WARN_EMPTY_BODY = YES;
				CLANG_WARN_ENUM_CONVERSION = YES;
				CLANG_WARN_INFINITE_RECURSION = YES;
				CLANG_WARN_INT_CONVERSION = YES;
				CLANG_WARN_OBJC_ROOT_CLASS = YES_ERROR;
				CLANG_WARN_SUSPICIOUS_MOVES = YES;
				CLANG_WARN_UNREACHABLE_CODE = YES;
				CLANG_WARN__DUPLICATE_METHOD_MATCH = YES;
				"CODE_SIGN_IDENTITY[sdk=iphoneos*]" = "iPhone Developer";
				COPY_PHASE_STRIP = NO;
				DEBUG_INFORMATION_FORMAT = dwarf;
				ENABLE_STRICT_OBJC_MSGSEND = YES;
				ENABLE_TESTABILITY = YES;
				GCC_C_LANGUAGE_STANDARD = gnu99;
				GCC_DYNAMIC_NO_PIC = NO;
				GCC_NO_COMMON_BLOCKS = YES;
				GCC_OPTIMIZATION_LEVEL = 0;
				GCC_PREPROCESSOR_DEFINITIONS = (
					"DEBUG=1",
					"$(inherited)",
				);
				GCC_WARN_64_TO_32_BIT_CONVERSION = YES;
				GCC_WARN_ABOUT_RETURN_TYPE = YES_ERROR;
				GCC_WARN_UNDECLARED_SELECTOR = YES;
				GCC_WARN_UNINITIALIZED_AUTOS = YES_AGGRESSIVE;
				GCC_WARN_UNUSED_FUNCTION = YES;
				GCC_WARN_UNUSED_VARIABLE = YES;
				IPHONEOS_DEPLOYMENT_TARGET = 8.0;
				MTL_ENABLE_DEBUG_INFO = YES;
				ONLY_ACTIVE_ARCH = YES;
				SDKROOT = iphoneos;
				SWIFT_ACTIVE_COMPILATION_CONDITIONS = DEBUG;
				SWIFT_OPTIMIZATION_LEVEL = "-Onone";
				TARGETED_DEVICE_FAMILY = "1,2";
			};
			name = Debug;
		};
		4206716C1DFF8C090075B70F /* Release */ = {
			isa = XCBuildConfiguration;
			buildSettings = {
				ALWAYS_SEARCH_USER_PATHS = NO;
				CLANG_ANALYZER_NONNULL = YES;
				CLANG_CXX_LANGUAGE_STANDARD = "gnu++0x";
				CLANG_CXX_LIBRARY = "libc++";
				CLANG_ENABLE_MODULES = YES;
				CLANG_ENABLE_OBJC_ARC = YES;
				CLANG_WARN_BOOL_CONVERSION = YES;
				CLANG_WARN_CONSTANT_CONVERSION = YES;
				CLANG_WARN_DIRECT_OBJC_ISA_USAGE = YES_ERROR;
				CLANG_WARN_DOCUMENTATION_COMMENTS = YES;
				CLANG_WARN_EMPTY_BODY = YES;
				CLANG_WARN_ENUM_CONVERSION = YES;
				CLANG_WARN_INFINITE_RECURSION = YES;
				CLANG_WARN_INT_CONVERSION = YES;
				CLANG_WARN_OBJC_ROOT_CLASS = YES_ERROR;
				CLANG_WARN_SUSPICIOUS_MOVES = YES;
				CLANG_WARN_UNREACHABLE_CODE = YES;
				CLANG_WARN__DUPLICATE_METHOD_MATCH = YES;
				"CODE_SIGN_IDENTITY[sdk=iphoneos*]" = "iPhone Developer";
				COPY_PHASE_STRIP = NO;
				DEBUG_INFORMATION_FORMAT = "dwarf-with-dsym";
				ENABLE_NS_ASSERTIONS = NO;
				ENABLE_STRICT_OBJC_MSGSEND = YES;
				GCC_C_LANGUAGE_STANDARD = gnu99;
				GCC_NO_COMMON_BLOCKS = YES;
				GCC_WARN_64_TO_32_BIT_CONVERSION = YES;
				GCC_WARN_ABOUT_RETURN_TYPE = YES_ERROR;
				GCC_WARN_UNDECLARED_SELECTOR = YES;
				GCC_WARN_UNINITIALIZED_AUTOS = YES_AGGRESSIVE;
				GCC_WARN_UNUSED_FUNCTION = YES;
				GCC_WARN_UNUSED_VARIABLE = YES;
				IPHONEOS_DEPLOYMENT_TARGET = 8.0;
				MTL_ENABLE_DEBUG_INFO = NO;
				SDKROOT = iphoneos;
				SWIFT_OPTIMIZATION_LEVEL = "-Owholemodule";
				TARGETED_DEVICE_FAMILY = "1,2";
				VALIDATE_PRODUCT = YES;
			};
			name = Release;
		};
		4206716E1DFF8C090075B70F /* Debug */ = {
			isa = XCBuildConfiguration;
			buildSettings = {
				ASSETCATALOG_COMPILER_APPICON_NAME = AppIcon;
				DEVELOPMENT_TEAM = M793737CLS;
				INFOPLIST_FILE = TagList/Info.plist;
				LD_RUNPATH_SEARCH_PATHS = "$(inherited) @executable_path/Frameworks";
				PRODUCT_BUNDLE_IDENTIFIER = com.wonderbear.TagList;
				PRODUCT_NAME = "$(TARGET_NAME)";
				SWIFT_VERSION = 3.0;
			};
			name = Debug;
		};
		4206716F1DFF8C090075B70F /* Release */ = {
			isa = XCBuildConfiguration;
			buildSettings = {
				ASSETCATALOG_COMPILER_APPICON_NAME = AppIcon;
				DEVELOPMENT_TEAM = M793737CLS;
				INFOPLIST_FILE = TagList/Info.plist;
				LD_RUNPATH_SEARCH_PATHS = "$(inherited) @executable_path/Frameworks";
				PRODUCT_BUNDLE_IDENTIFIER = com.wonderbear.TagList;
				PRODUCT_NAME = "$(TARGET_NAME)";
				SWIFT_VERSION = 3.0;
			};
			name = Release;
		};
/* End XCBuildConfiguration section */

/* Begin XCConfigurationList section */
		420671561DFF8C090075B70F /* Build configuration list for PBXProject "TagList" */ = {
			isa = XCConfigurationList;
			buildConfigurations = (
				4206716B1DFF8C090075B70F /* Debug */,
				4206716C1DFF8C090075B70F /* Release */,
			);
			defaultConfigurationIsVisible = 0;
			defaultConfigurationName = Release;
		};
		4206716D1DFF8C090075B70F /* Build configuration list for PBXNativeTarget "TagListDemo" */ = {
			isa = XCConfigurationList;
			buildConfigurations = (
				4206716E1DFF8C090075B70F /* Debug */,
				4206716F1DFF8C090075B70F /* Release */,
			);
			defaultConfigurationIsVisible = 0;
		};
/* End XCConfigurationList section */
	};
	rootObject = 420671531DFF8C090075B70F /* Project object */;
}
